
Microsoft Visual Studio Solution File, Format Version 12.00
# Visual Studio Version 17
VisualStudioVersion = 17.7.34024.191
MinimumVisualStudioVersion = 10.0.40219.1
Project("{9A19103F-16F7-4668-BE54-9A1E7A4F7556}") = "Badminton.Data", "Badminton.Data\Badminton.Data.csproj", "{3F86C17C-7C9B-423F-ABFE-B443E0026EB9}"
EndProject
Project("{9A19103F-16F7-4668-BE54-9A1E7A4F7556}") = "Badminton.Business", "Badminton.Business\Badminton.Business.csproj", "{289FFF35-7274-40A7-ADE6-E1123FF6CE4C}"
EndProject
Project("{9A19103F-16F7-4668-BE54-9A1E7A4F7556}") = "Badminton.RazorWebApp", "Badminton.RazorWebApp\Badminton.RazorWebApp.csproj", "{F020DD9A-A8FF-49E8-AA63-83D716D5DB2D}"
EndProject
Project("{FAE04EC0-301F-11D3-BF4B-00C04F79EFBC}") = "Badminton.Common", "Badminton.Common\Badminton.Common.csproj", "{7750AED4-F08D-47E2-A5BC-4803BD7B1A64}"
EndProject
Global
	GlobalSection(SolutionConfigurationPlatforms) = preSolution
		Debug|Any CPU = Debug|Any CPU
		Release|Any CPU = Release|Any CPU
	EndGlobalSection
	GlobalSection(ProjectConfigurationPlatforms) = postSolution
		{3F86C17C-7C9B-423F-ABFE-B443E0026EB9}.Debug|Any CPU.ActiveCfg = Debug|Any CPU
		{3F86C17C-7C9B-423F-ABFE-B443E0026EB9}.Debug|Any CPU.Build.0 = Debug|Any CPU
		{3F86C17C-7C9B-423F-ABFE-B443E0026EB9}.Release|Any CPU.ActiveCfg = Release|Any CPU
		{3F86C17C-7C9B-423F-ABFE-B443E0026EB9}.Release|Any CPU.Build.0 = Release|Any CPU
		{289FFF35-7274-40A7-ADE6-E1123FF6CE4C}.Debug|Any CPU.ActiveCfg = Debug|Any CPU
		{289FFF35-7274-40A7-ADE6-E1123FF6CE4C}.Debug|Any CPU.Build.0 = Debug|Any CPU
		{289FFF35-7274-40A7-ADE6-E1123FF6CE4C}.Release|Any CPU.ActiveCfg = Release|Any CPU
		{289FFF35-7274-40A7-ADE6-E1123FF6CE4C}.Release|Any CPU.Build.0 = Release|Any CPU
		{F020DD9A-A8FF-49E8-AA63-83D716D5DB2D}.Debug|Any CPU.ActiveCfg = Debug|Any CPU
		{F020DD9A-A8FF-49E8-AA63-83D716D5DB2D}.Debug|Any CPU.Build.0 = Debug|Any CPU
		{F020DD9A-A8FF-49E8-AA63-83D716D5DB2D}.Release|Any CPU.ActiveCfg = Release|Any CPU
		{F020DD9A-A8FF-49E8-AA63-83D716D5DB2D}.Release|Any CPU.Build.0 = Release|Any CPU
		{7750AED4-F08D-47E2-A5BC-4803BD7B1A64}.Debug|Any CPU.ActiveCfg = Debug|Any CPU
		{7750AED4-F08D-47E2-A5BC-4803BD7B1A64}.Debug|Any CPU.Build.0 = Debug|Any CPU
		{7750AED4-F08D-47E2-A5BC-4803BD7B1A64}.Release|Any CPU.ActiveCfg = Release|Any CPU
		{7750AED4-F08D-47E2-A5BC-4803BD7B1A64}.Release|Any CPU.Build.0 = Release|Any CPU
	EndGlobalSection
	GlobalSection(SolutionProperties) = preSolution
		HideSolutionNode = FALSE
	EndGlobalSection
	GlobalSection(ExtensibilityGlobals) = postSolution
		SolutionGuid = {3B19980C-F65A-49B1-A391-83487CB76B17}
	EndGlobalSection
EndGlobal
